
Microsoft Visual Studio Solution File, Format Version 12.00
# Visual Studio Version 16
VisualStudioVersion = 16.0.31605.320
MinimumVisualStudioVersion = 10.0.40219.1
Project("{FAE04EC0-301F-11D3-BF4B-00C04F79EFBC}") = "ExcelWriter", "ExcelWriter\ExcelWriter.csproj", "{AD49C1FB-155E-4967-AEBB-6E971DA55F02}"
EndProject
Project("{FAE04EC0-301F-11D3-BF4B-00C04F79EFBC}") = "FileOccurrence", "FileOccurrence\FileOccurrence.csproj", "{CE43128A-1741-4611-83E1-A8A931D96C1C}"
EndProject
Project("{FAE04EC0-301F-11D3-BF4B-00C04F79EFBC}") = "FileProcessor", "FileProcessor\FileProcessor.csproj", "{C274A659-6CC9-4D4B-8235-2BCAE9D08594}"
EndProject
Project("{FAE04EC0-301F-11D3-BF4B-00C04F79EFBC}") = "PowerpointReader", "PowerpointReader\PowerpointReader.csproj", "{6444F61E-AE31-4003-8B7C-296767DDE7FE}"
EndProject
Project("{FAE04EC0-301F-11D3-BF4B-00C04F79EFBC}") = "TestFiles", "TestFiles\TestFiles.csproj", "{08CDE77D-0EF6-420C-ADB6-E5C8C6C5416F}"
EndProject
Project("{FAE04EC0-301F-11D3-BF4B-00C04F79EFBC}") = "ExcelWriterTests", "ExcelWriterTests\ExcelWriterTests.csproj", "{938C55C1-649E-421A-B78E-4A4F27846032}"
EndProject
Project("{FAE04EC0-301F-11D3-BF4B-00C04F79EFBC}") = "PptReaderTests", "PptReaderTests\PptReaderTests.csproj", "{55B68104-2F5E-4337-96E8-A07912F43184}"
EndProject
Global
	GlobalSection(SolutionConfigurationPlatforms) = preSolution
		Debug|Any CPU = Debug|Any CPU
		Release|Any CPU = Release|Any CPU
	EndGlobalSection
	GlobalSection(ProjectConfigurationPlatforms) = postSolution
		{AD49C1FB-155E-4967-AEBB-6E971DA55F02}.Debug|Any CPU.ActiveCfg = Debug|Any CPU
		{AD49C1FB-155E-4967-AEBB-6E971DA55F02}.Debug|Any CPU.Build.0 = Debug|Any CPU
		{AD49C1FB-155E-4967-AEBB-6E971DA55F02}.Release|Any CPU.ActiveCfg = Release|Any CPU
		{AD49C1FB-155E-4967-AEBB-6E971DA55F02}.Release|Any CPU.Build.0 = Release|Any CPU
		{CE43128A-1741-4611-83E1-A8A931D96C1C}.Debug|Any CPU.ActiveCfg = Debug|Any CPU
		{CE43128A-1741-4611-83E1-A8A931D96C1C}.Debug|Any CPU.Build.0 = Debug|Any CPU
		{CE43128A-1741-4611-83E1-A8A931D96C1C}.Release|Any CPU.ActiveCfg = Release|Any CPU
		{CE43128A-1741-4611-83E1-A8A931D96C1C}.Release|Any CPU.Build.0 = Release|Any CPU
		{C274A659-6CC9-4D4B-8235-2BCAE9D08594}.Debug|Any CPU.ActiveCfg = Debug|Any CPU
		{C274A659-6CC9-4D4B-8235-2BCAE9D08594}.Debug|Any CPU.Build.0 = Debug|Any CPU
		{C274A659-6CC9-4D4B-8235-2BCAE9D08594}.Release|Any CPU.ActiveCfg = Release|Any CPU
		{C274A659-6CC9-4D4B-8235-2BCAE9D08594}.Release|Any CPU.Build.0 = Release|Any CPU
		{6444F61E-AE31-4003-8B7C-296767DDE7FE}.Debug|Any CPU.ActiveCfg = Debug|Any CPU
		{6444F61E-AE31-4003-8B7C-296767DDE7FE}.Debug|Any CPU.Build.0 = Debug|Any CPU
		{6444F61E-AE31-4003-8B7C-296767DDE7FE}.Release|Any CPU.ActiveCfg = Release|Any CPU
		{6444F61E-AE31-4003-8B7C-296767DDE7FE}.Release|Any CPU.Build.0 = Release|Any CPU
		{08CDE77D-0EF6-420C-ADB6-E5C8C6C5416F}.Debug|Any CPU.ActiveCfg = Debug|Any CPU
		{08CDE77D-0EF6-420C-ADB6-E5C8C6C5416F}.Debug|Any CPU.Build.0 = Debug|Any CPU
		{08CDE77D-0EF6-420C-ADB6-E5C8C6C5416F}.Release|Any CPU.ActiveCfg = Release|Any CPU
		{08CDE77D-0EF6-420C-ADB6-E5C8C6C5416F}.Release|Any CPU.Build.0 = Release|Any CPU
		{938C55C1-649E-421A-B78E-4A4F27846032}.Debug|Any CPU.ActiveCfg = Debug|Any CPU
		{938C55C1-649E-421A-B78E-4A4F27846032}.Debug|Any CPU.Build.0 = Debug|Any CPU
		{938C55C1-649E-421A-B78E-4A4F27846032}.Release|Any CPU.ActiveCfg = Release|Any CPU
		{938C55C1-649E-421A-B78E-4A4F27846032}.Release|Any CPU.Build.0 = Release|Any CPU
		{55B68104-2F5E-4337-96E8-A07912F43184}.Debug|Any CPU.ActiveCfg = Debug|Any CPU
		{55B68104-2F5E-4337-96E8-A07912F43184}.Debug|Any CPU.Build.0 = Debug|Any CPU
		{55B68104-2F5E-4337-96E8-A07912F43184}.Release|Any CPU.ActiveCfg = Release|Any CPU
		{55B68104-2F5E-4337-96E8-A07912F43184}.Release|Any CPU.Build.0 = Release|Any CPU
	EndGlobalSection
	GlobalSection(SolutionProperties) = preSolution
		HideSolutionNode = FALSE
	EndGlobalSection
	GlobalSection(ExtensibilityGlobals) = postSolution
		SolutionGuid = {61B645A1-57E9-4C31-A3C2-F1B006B1ECCA}
	EndGlobalSection
EndGlobal
