
Microsoft Visual Studio Solution File, Format Version 12.00
# Visual Studio Version 16
VisualStudioVersion = 16.0.31605.320
MinimumVisualStudioVersion = 10.0.40219.1
Project("{FAE04EC0-301F-11D3-BF4B-00C04F79EFBC}") = "PptKeywordReader", "PptKeywordReader\PptKeywordReader.csproj", "{36E3DECD-662E-44F9-9906-7219ACA628FB}"
EndProject
Project("{FAE04EC0-301F-11D3-BF4B-00C04F79EFBC}") = "PptKeywordReaderTests", "PptKeywordReaderTests\PptKeywordReaderTests.csproj", "{9A12FFFC-B6AF-42E9-9DD4-6157411683EB}"
EndProject
Global
	GlobalSection(SolutionConfigurationPlatforms) = preSolution
		Debug|Any CPU = Debug|Any CPU
		Release|Any CPU = Release|Any CPU
	EndGlobalSection
	GlobalSection(ProjectConfigurationPlatforms) = postSolution
		{36E3DECD-662E-44F9-9906-7219ACA628FB}.Debug|Any CPU.ActiveCfg = Debug|Any CPU
		{36E3DECD-662E-44F9-9906-7219ACA628FB}.Debug|Any CPU.Build.0 = Debug|Any CPU
		{36E3DECD-662E-44F9-9906-7219ACA628FB}.Release|Any CPU.ActiveCfg = Release|Any CPU
		{36E3DECD-662E-44F9-9906-7219ACA628FB}.Release|Any CPU.Build.0 = Release|Any CPU
		{9A12FFFC-B6AF-42E9-9DD4-6157411683EB}.Debug|Any CPU.ActiveCfg = Debug|Any CPU
		{9A12FFFC-B6AF-42E9-9DD4-6157411683EB}.Debug|Any CPU.Build.0 = Debug|Any CPU
		{9A12FFFC-B6AF-42E9-9DD4-6157411683EB}.Release|Any CPU.ActiveCfg = Release|Any CPU
		{9A12FFFC-B6AF-42E9-9DD4-6157411683EB}.Release|Any CPU.Build.0 = Release|Any CPU
	EndGlobalSection
	GlobalSection(SolutionProperties) = preSolution
		HideSolutionNode = FALSE
	EndGlobalSection
	GlobalSection(ExtensibilityGlobals) = postSolution
		SolutionGuid = {D75456DA-9FBE-45AE-AB84-3F61F8810F2C}
	EndGlobalSection
EndGlobal
